// !$*UTF8*$!
{
	archiveVersion = 1;
	classes = {
	};
	objectVersion = 46;
	objects = {

/* Begin PBXBuildFile section */
		FCB44455178B1F6D005429F3 /* UIKit.framework in Frameworks */ = {isa = PBXBuildFile; fileRef = FCB44454178B1F6D005429F3 /* UIKit.framework */; };
		FCB44457178B1F6D005429F3 /* Foundation.framework in Frameworks */ = {isa = PBXBuildFile; fileRef = FCB44456178B1F6D005429F3 /* Foundation.framework */; };
		FCB44459178B1F6D005429F3 /* CoreGraphics.framework in Frameworks */ = {isa = PBXBuildFile; fileRef = FCB44458178B1F6D005429F3 /* CoreGraphics.framework */; };
		FCB4445F178B1F6D005429F3 /* InfoPlist.strings in Resources */ = {isa = PBXBuildFile; fileRef = FCB4445D178B1F6D005429F3 /* InfoPlist.strings */; };
		FCB44461178B1F6D005429F3 /* main.m in Sources */ = {isa = PBXBuildFile; fileRef = FCB44460178B1F6D005429F3 /* main.m */; };
		FCB44465178B1F6D005429F3 /* AppDelegate.m in Sources */ = {isa = PBXBuildFile; fileRef = FCB44464178B1F6D005429F3 /* AppDelegate.m */; };
		FCB44467178B1F6D005429F3 /* Default.png in Resources */ = {isa = PBXBuildFile; fileRef = FCB44466178B1F6D005429F3 /* Default.png */; };
		FCB44469178B1F6D005429F3 /* Default@2x.png in Resources */ = {isa = PBXBuildFile; fileRef = FCB44468178B1F6D005429F3 /* Default@2x.png */; };
		FCB4446B178B1F6D005429F3 /* Default-568h@2x.png in Resources */ = {isa = PBXBuildFile; fileRef = FCB4446A178B1F6D005429F3 /* Default-568h@2x.png */; };
		FCB4446E178B1F6D005429F3 /* MainStoryboard.storyboard in Resources */ = {isa = PBXBuildFile; fileRef = FCB4446C178B1F6D005429F3 /* MainStoryboard.storyboard */; };
		FCB44471178B1F6D005429F3 /* ViewController.m in Sources */ = {isa = PBXBuildFile; fileRef = FCB44470178B1F6D005429F3 /* ViewController.m */; };
		FCFC0A1717907FEB001DB8E3 /* FacebookSDK.framework in Frameworks */ = {isa = PBXBuildFile; fileRef = FCFC0A1617907FEB001DB8E3 /* FacebookSDK.framework */; };
		FCFC0A1917908273001DB8E3 /* FacebookSDKResources.bundle in Resources */ = {isa = PBXBuildFile; fileRef = FCFC0A1817908273001DB8E3 /* FacebookSDKResources.bundle */; };
		FCFC0A1F179082F9001DB8E3 /* Accounts.framework in Frameworks */ = {isa = PBXBuildFile; fileRef = FCFC0A1A179082F9001DB8E3 /* Accounts.framework */; settings = {ATTRIBUTES = (Weak, ); }; };
		FCFC0A20179082F9001DB8E3 /* AdSupport.framework in Frameworks */ = {isa = PBXBuildFile; fileRef = FCFC0A1B179082F9001DB8E3 /* AdSupport.framework */; settings = {ATTRIBUTES = (Weak, ); }; };
		FCFC0A21179082F9001DB8E3 /* libsqlite3.dylib in Frameworks */ = {isa = PBXBuildFile; fileRef = FCFC0A1C179082F9001DB8E3 /* libsqlite3.dylib */; settings = {ATTRIBUTES = (Weak, ); }; };
		FCFC0A22179082F9001DB8E3 /* Security.framework in Frameworks */ = {isa = PBXBuildFile; fileRef = FCFC0A1D179082F9001DB8E3 /* Security.framework */; settings = {ATTRIBUTES = (Weak, ); }; };
		FCFC0A23179082F9001DB8E3 /* Social.framework in Frameworks */ = {isa = PBXBuildFile; fileRef = FCFC0A1E179082F9001DB8E3 /* Social.framework */; settings = {ATTRIBUTES = (Weak, ); }; };
/* End PBXBuildFile section */

/* Begin PBXFileReference section */
		FCB44451178B1F6D005429F3 /* babysteps_ios.app */ = {isa = PBXFileReference; explicitFileType = wrapper.application; includeInIndex = 0; path = babysteps_ios.app; sourceTree = BUILT_PRODUCTS_DIR; };
		FCB44454178B1F6D005429F3 /* UIKit.framework */ = {isa = PBXFileReference; lastKnownFileType = wrapper.framework; name = UIKit.framework; path = System/Library/Frameworks/UIKit.framework; sourceTree = SDKROOT; };
		FCB44456178B1F6D005429F3 /* Foundation.framework */ = {isa = PBXFileReference; lastKnownFileType = wrapper.framework; name = Foundation.framework; path = System/Library/Frameworks/Foundation.framework; sourceTree = SDKROOT; };
		FCB44458178B1F6D005429F3 /* CoreGraphics.framework */ = {isa = PBXFileReference; lastKnownFileType = wrapper.framework; name = CoreGraphics.framework; path = System/Library/Frameworks/CoreGraphics.framework; sourceTree = SDKROOT; };
		FCB4445C178B1F6D005429F3 /* babysteps_ios-Info.plist */ = {isa = PBXFileReference; lastKnownFileType = text.plist.xml; path = "babysteps_ios-Info.plist"; sourceTree = "<group>"; };
		FCB4445E178B1F6D005429F3 /* en */ = {isa = PBXFileReference; lastKnownFileType = text.plist.strings; name = en; path = en.lproj/InfoPlist.strings; sourceTree = "<group>"; };
		FCB44460178B1F6D005429F3 /* main.m */ = {isa = PBXFileReference; lastKnownFileType = sourcecode.c.objc; path = main.m; sourceTree = "<group>"; };
		FCB44462178B1F6D005429F3 /* babysteps_ios-Prefix.pch */ = {isa = PBXFileReference; lastKnownFileType = sourcecode.c.h; path = "babysteps_ios-Prefix.pch"; sourceTree = "<group>"; };
		FCB44463178B1F6D005429F3 /* AppDelegate.h */ = {isa = PBXFileReference; lastKnownFileType = sourcecode.c.h; path = AppDelegate.h; sourceTree = "<group>"; };
		FCB44464178B1F6D005429F3 /* AppDelegate.m */ = {isa = PBXFileReference; lastKnownFileType = sourcecode.c.objc; path = AppDelegate.m; sourceTree = "<group>"; };
		FCB44466178B1F6D005429F3 /* Default.png */ = {isa = PBXFileReference; lastKnownFileType = image.png; path = Default.png; sourceTree = "<group>"; };
		FCB44468178B1F6D005429F3 /* Default@2x.png */ = {isa = PBXFileReference; lastKnownFileType = image.png; path = "Default@2x.png"; sourceTree = "<group>"; };
		FCB4446A178B1F6D005429F3 /* Default-568h@2x.png */ = {isa = PBXFileReference; lastKnownFileType = image.png; path = "Default-568h@2x.png"; sourceTree = "<group>"; };
		FCB4446D178B1F6D005429F3 /* en */ = {isa = PBXFileReference; lastKnownFileType = file.storyboard; name = en; path = en.lproj/MainStoryboard.storyboard; sourceTree = "<group>"; };
		FCB4446F178B1F6D005429F3 /* ViewController.h */ = {isa = PBXFileReference; lastKnownFileType = sourcecode.c.h; path = ViewController.h; sourceTree = "<group>"; };
		FCB44470178B1F6D005429F3 /* ViewController.m */ = {isa = PBXFileReference; lastKnownFileType = sourcecode.c.objc; path = ViewController.m; sourceTree = "<group>"; };
		FCFC0A1617907FEB001DB8E3 /* FacebookSDK.framework */ = {isa = PBXFileReference; lastKnownFileType = wrapper.framework; path = FacebookSDK.framework; sourceTree = "<group>"; };
		FCFC0A1817908273001DB8E3 /* FacebookSDKResources.bundle */ = {isa = PBXFileReference; lastKnownFileType = "wrapper.plug-in"; path = FacebookSDKResources.bundle; sourceTree = "<group>"; };
		FCFC0A1A179082F9001DB8E3 /* Accounts.framework */ = {isa = PBXFileReference; lastKnownFileType = wrapper.framework; name = Accounts.framework; path = System/Library/Frameworks/Accounts.framework; sourceTree = SDKROOT; };
		FCFC0A1B179082F9001DB8E3 /* AdSupport.framework */ = {isa = PBXFileReference; lastKnownFileType = wrapper.framework; name = AdSupport.framework; path = System/Library/Frameworks/AdSupport.framework; sourceTree = SDKROOT; };
		FCFC0A1C179082F9001DB8E3 /* libsqlite3.dylib */ = {isa = PBXFileReference; lastKnownFileType = "compiled.mach-o.dylib"; name = libsqlite3.dylib; path = usr/lib/libsqlite3.dylib; sourceTree = SDKROOT; };
		FCFC0A1D179082F9001DB8E3 /* Security.framework */ = {isa = PBXFileReference; lastKnownFileType = wrapper.framework; name = Security.framework; path = System/Library/Frameworks/Security.framework; sourceTree = SDKROOT; };
		FCFC0A1E179082F9001DB8E3 /* Social.framework */ = {isa = PBXFileReference; lastKnownFileType = wrapper.framework; name = Social.framework; path = System/Library/Frameworks/Social.framework; sourceTree = SDKROOT; };
/* End PBXFileReference section */

/* Begin PBXFrameworksBuildPhase section */
		FCB4444E178B1F6D005429F3 /* Frameworks */ = {
			isa = PBXFrameworksBuildPhase;
			buildActionMask = 2147483647;
			files = (
				FCFC0A1F179082F9001DB8E3 /* Accounts.framework in Frameworks */,
				FCFC0A20179082F9001DB8E3 /* AdSupport.framework in Frameworks */,
				FCFC0A21179082F9001DB8E3 /* libsqlite3.dylib in Frameworks */,
				FCFC0A22179082F9001DB8E3 /* Security.framework in Frameworks */,
				FCFC0A23179082F9001DB8E3 /* Social.framework in Frameworks */,
				FCB44455178B1F6D005429F3 /* UIKit.framework in Frameworks */,
				FCB44457178B1F6D005429F3 /* Foundation.framework in Frameworks */,
				FCB44459178B1F6D005429F3 /* CoreGraphics.framework in Frameworks */,
				FCFC0A1717907FEB001DB8E3 /* FacebookSDK.framework in Frameworks */,
			);
			runOnlyForDeploymentPostprocessing = 0;
		};
/* End PBXFrameworksBuildPhase section */

/* Begin PBXGroup section */
		FCB44448178B1F6D005429F3 = {
			isa = PBXGroup;
			children = (
				FCFC0A1A179082F9001DB8E3 /* Accounts.framework */,
				FCFC0A1B179082F9001DB8E3 /* AdSupport.framework */,
				FCFC0A1C179082F9001DB8E3 /* libsqlite3.dylib */,
				FCFC0A1D179082F9001DB8E3 /* Security.framework */,
				FCFC0A1E179082F9001DB8E3 /* Social.framework */,
				FCB4445A178B1F6D005429F3 /* babysteps_ios */,
				FCB44453178B1F6D005429F3 /* Frameworks */,
				FCB44452178B1F6D005429F3 /* Products */,
			);
			sourceTree = "<group>";
		};
		FCB44452178B1F6D005429F3 /* Products */ = {
			isa = PBXGroup;
			children = (
				FCB44451178B1F6D005429F3 /* babysteps_ios.app */,
			);
			name = Products;
			sourceTree = "<group>";
		};
		FCB44453178B1F6D005429F3 /* Frameworks */ = {
			isa = PBXGroup;
			children = (
				FCFC0A1817908273001DB8E3 /* FacebookSDKResources.bundle */,
				FCFC0A1617907FEB001DB8E3 /* FacebookSDK.framework */,
				FCB44454178B1F6D005429F3 /* UIKit.framework */,
				FCB44456178B1F6D005429F3 /* Foundation.framework */,
				FCB44458178B1F6D005429F3 /* CoreGraphics.framework */,
			);
			name = Frameworks;
			sourceTree = "<group>";
		};
		FCB4445A178B1F6D005429F3 /* babysteps_ios */ = {
			isa = PBXGroup;
			children = (
				FCB44463178B1F6D005429F3 /* AppDelegate.h */,
				FCB44464178B1F6D005429F3 /* AppDelegate.m */,
				FCB4446C178B1F6D005429F3 /* MainStoryboard.storyboard */,
				FCB4446F178B1F6D005429F3 /* ViewController.h */,
				FCB44470178B1F6D005429F3 /* ViewController.m */,
				FCB4445B178B1F6D005429F3 /* Supporting Files */,
			);
			path = babysteps_ios;
			sourceTree = "<group>";
		};
		FCB4445B178B1F6D005429F3 /* Supporting Files */ = {
			isa = PBXGroup;
			children = (
				FCB4445C178B1F6D005429F3 /* babysteps_ios-Info.plist */,
				FCB4445D178B1F6D005429F3 /* InfoPlist.strings */,
				FCB44460178B1F6D005429F3 /* main.m */,
				FCB44462178B1F6D005429F3 /* babysteps_ios-Prefix.pch */,
				FCB44466178B1F6D005429F3 /* Default.png */,
				FCB44468178B1F6D005429F3 /* Default@2x.png */,
				FCB4446A178B1F6D005429F3 /* Default-568h@2x.png */,
			);
			name = "Supporting Files";
			sourceTree = "<group>";
		};
/* End PBXGroup section */

/* Begin PBXNativeTarget section */
		FCB44450178B1F6D005429F3 /* babysteps_ios */ = {
			isa = PBXNativeTarget;
			buildConfigurationList = FCB44474178B1F6D005429F3 /* Build configuration list for PBXNativeTarget "babysteps_ios" */;
			buildPhases = (
				FCB4444D178B1F6D005429F3 /* Sources */,
				FCB4444E178B1F6D005429F3 /* Frameworks */,
				FCB4444F178B1F6D005429F3 /* Resources */,
			);
			buildRules = (
			);
			dependencies = (
			);
			name = babysteps_ios;
			productName = babysteps_ios;
			productReference = FCB44451178B1F6D005429F3 /* babysteps_ios.app */;
			productType = "com.apple.product-type.application";
		};
/* End PBXNativeTarget section */

/* Begin PBXProject section */
		FCB44449178B1F6D005429F3 /* Project object */ = {
			isa = PBXProject;
			attributes = {
				LastUpgradeCheck = 0460;
				ORGANIZATIONNAME = "Jay Geeseman";
			};
			buildConfigurationList = FCB4444C178B1F6D005429F3 /* Build configuration list for PBXProject "babysteps_ios" */;
			compatibilityVersion = "Xcode 3.2";
			developmentRegion = English;
			hasScannedForEncodings = 0;
			knownRegions = (
				en,
			);
			mainGroup = FCB44448178B1F6D005429F3;
			productRefGroup = FCB44452178B1F6D005429F3 /* Products */;
			projectDirPath = "";
			projectRoot = "";
			targets = (
				FCB44450178B1F6D005429F3 /* babysteps_ios */,
			);
		};
/* End PBXProject section */

/* Begin PBXResourcesBuildPhase section */
		FCB4444F178B1F6D005429F3 /* Resources */ = {
			isa = PBXResourcesBuildPhase;
			buildActionMask = 2147483647;
			files = (
				FCB4445F178B1F6D005429F3 /* InfoPlist.strings in Resources */,
				FCB44467178B1F6D005429F3 /* Default.png in Resources */,
				FCB44469178B1F6D005429F3 /* Default@2x.png in Resources */,
				FCB4446B178B1F6D005429F3 /* Default-568h@2x.png in Resources */,
				FCB4446E178B1F6D005429F3 /* MainStoryboard.storyboard in Resources */,
				FCFC0A1917908273001DB8E3 /* FacebookSDKResources.bundle in Resources */,
			);
			runOnlyForDeploymentPostprocessing = 0;
		};
/* End PBXResourcesBuildPhase section */

/* Begin PBXSourcesBuildPhase section */
		FCB4444D178B1F6D005429F3 /* Sources */ = {
			isa = PBXSourcesBuildPhase;
			buildActionMask = 2147483647;
			files = (
				FCB44461178B1F6D005429F3 /* main.m in Sources */,
				FCB44465178B1F6D005429F3 /* AppDelegate.m in Sources */,
				FCB44471178B1F6D005429F3 /* ViewController.m in Sources */,
			);
			runOnlyForDeploymentPostprocessing = 0;
		};
/* End PBXSourcesBuildPhase section */

/* Begin PBXVariantGroup section */
		FCB4445D178B1F6D005429F3 /* InfoPlist.strings */ = {
			isa = PBXVariantGroup;
			children = (
				FCB4445E178B1F6D005429F3 /* en */,
			);
			name = InfoPlist.strings;
			sourceTree = "<group>";
		};
		FCB4446C178B1F6D005429F3 /* MainStoryboard.storyboard */ = {
			isa = PBXVariantGroup;
			children = (
				FCB4446D178B1F6D005429F3 /* en */,
			);
			name = MainStoryboard.storyboard;
			sourceTree = "<group>";
		};
/* End PBXVariantGroup section */

/* Begin XCBuildConfiguration section */
		FCB44472178B1F6D005429F3 /* Debug */ = {
			isa = XCBuildConfiguration;
			buildSettings = {
				ALWAYS_SEARCH_USER_PATHS = NO;
				CLANG_CXX_LANGUAGE_STANDARD = "gnu++0x";
				CLANG_CXX_LIBRARY = "libc++";
				CLANG_ENABLE_OBJC_ARC = YES;
				CLANG_WARN_CONSTANT_CONVERSION = YES;
				CLANG_WARN_EMPTY_BODY = YES;
				CLANG_WARN_ENUM_CONVERSION = YES;
				CLANG_WARN_INT_CONVERSION = YES;
				CLANG_WARN__DUPLICATE_METHOD_MATCH = YES;
				"CODE_SIGN_IDENTITY[sdk=iphoneos*]" = "iPhone Developer";
				COPY_PHASE_STRIP = NO;
				GCC_C_LANGUAGE_STANDARD = gnu99;
				GCC_DYNAMIC_NO_PIC = NO;
				GCC_OPTIMIZATION_LEVEL = 0;
				GCC_PREPROCESSOR_DEFINITIONS = (
					"DEBUG=1",
					"$(inherited)",
				);
				GCC_SYMBOLS_PRIVATE_EXTERN = NO;
				GCC_WARN_ABOUT_RETURN_TYPE = YES;
				GCC_WARN_UNINITIALIZED_AUTOS = YES;
				GCC_WARN_UNUSED_VARIABLE = YES;
				IPHONEOS_DEPLOYMENT_TARGET = 6.1;
				ONLY_ACTIVE_ARCH = YES;
				SDKROOT = iphoneos;
			};
			name = Debug;
		};
		FCB44473178B1F6D005429F3 /* Release */ = {
			isa = XCBuildConfiguration;
			buildSettings = {
				ALWAYS_SEARCH_USER_PATHS = NO;
				CLANG_CXX_LANGUAGE_STANDARD = "gnu++0x";
				CLANG_CXX_LIBRARY = "libc++";
				CLANG_ENABLE_OBJC_ARC = YES;
				CLANG_WARN_CONSTANT_CONVERSION = YES;
				CLANG_WARN_EMPTY_BODY = YES;
				CLANG_WARN_ENUM_CONVERSION = YES;
				CLANG_WARN_INT_CONVERSION = YES;
				CLANG_WARN__DUPLICATE_METHOD_MATCH = YES;
				"CODE_SIGN_IDENTITY[sdk=iphoneos*]" = "iPhone Developer";
				COPY_PHASE_STRIP = YES;
				GCC_C_LANGUAGE_STANDARD = gnu99;
				GCC_WARN_ABOUT_RETURN_TYPE = YES;
				GCC_WARN_UNINITIALIZED_AUTOS = YES;
				GCC_WARN_UNUSED_VARIABLE = YES;
				IPHONEOS_DEPLOYMENT_TARGET = 6.1;
				OTHER_CFLAGS = "-DNS_BLOCK_ASSERTIONS=1";
				SDKROOT = iphoneos;
				VALIDATE_PRODUCT = YES;
			};
			name = Release;
		};
		FCB44475178B1F6D005429F3 /* Debug */ = {
			isa = XCBuildConfiguration;
			buildSettings = {
				FRAMEWORK_SEARCH_PATHS = (
					"$(inherited)",
					"\"$(SRCROOT)\"",
				);
				GCC_PRECOMPILE_PREFIX_HEADER = YES;
				GCC_PREFIX_HEADER = "babysteps_ios/babysteps_ios-Prefix.pch";
				INFOPLIST_FILE = "babysteps_ios/babysteps_ios-Info.plist";
				PRODUCT_NAME = "$(TARGET_NAME)";
				WRAPPER_EXTENSION = app;
			};
			name = Debug;
		};
		FCB44476178B1F6D005429F3 /* Release */ = {
			isa = XCBuildConfiguration;
			buildSettings = {
				FRAMEWORK_SEARCH_PATHS = (
					"$(inherited)",
					"\"$(SRCROOT)\"",
				);
				GCC_PRECOMPILE_PREFIX_HEADER = YES;
				GCC_PREFIX_HEADER = "babysteps_ios/babysteps_ios-Prefix.pch";
				INFOPLIST_FILE = "babysteps_ios/babysteps_ios-Info.plist";
				PRODUCT_NAME = "$(TARGET_NAME)";
				WRAPPER_EXTENSION = app;
			};
			name = Release;
		};
/* End XCBuildConfiguration section */

/* Begin XCConfigurationList section */
		FCB4444C178B1F6D005429F3 /* Build configuration list for PBXProject "babysteps_ios" */ = {
			isa = XCConfigurationList;
			buildConfigurations = (
				FCB44472178B1F6D005429F3 /* Debug */,
				FCB44473178B1F6D005429F3 /* Release */,
			);
			defaultConfigurationIsVisible = 0;
			defaultConfigurationName = Release;
		};
		FCB44474178B1F6D005429F3 /* Build configuration list for PBXNativeTarget "babysteps_ios" */ = {
			isa = XCConfigurationList;
			buildConfigurations = (
				FCB44475178B1F6D005429F3 /* Debug */,
				FCB44476178B1F6D005429F3 /* Release */,
			);
			defaultConfigurationIsVisible = 0;
			defaultConfigurationName = Release;
		};
/* End XCConfigurationList section */
	};
	rootObject = FCB44449178B1F6D005429F3 /* Project object */;
}
